
Microsoft Visual Studio Solution File, Format Version 12.00
# Visual Studio Version 16
VisualStudioVersion = 16.0.29613.14
MinimumVisualStudioVersion = 10.0.40219.1
Project("{FAE04EC0-301F-11D3-BF4B-00C04F79EFBC}") = "MyShop.Core", "MyShop.Core\MyShop.Core.csproj", "{C97A6125-83DE-4D1E-A326-E84721F84416}"
EndProject
Project("{FAE04EC0-301F-11D3-BF4B-00C04F79EFBC}") = "MyShop.Services", "MyShop.Services\MyShop.Services.csproj", "{D6536EBA-2EB2-4BBF-8E15-E0BE4FAD34DA}"
EndProject
Project("{FAE04EC0-301F-11D3-BF4B-00C04F79EFBC}") = "MyShop.DataAccess.SQL", "MyShop.DataAccess.SQL\MyShop.DataAccess.SQL.csproj", "{AE74FE2B-C332-4793-8E0A-45F42F1BB4E2}"
EndProject
Project("{FAE04EC0-301F-11D3-BF4B-00C04F79EFBC}") = "MyShop.DataAccess.InMemory", "MyShop.DataAccess.InMemory\MyShop.DataAccess.InMemory.csproj", "{E37FBFFE-D990-431E-9F94-5EE04E9BB953}"
EndProject
Project("{FAE04EC0-301F-11D3-BF4B-00C04F79EFBC}") = "MyShop.WebUI", "MyShop.WebUI\MyShop.WebUI.csproj", "{4938A5D4-6915-430A-A843-1263028FB051}"
EndProject
Project("{FAE04EC0-301F-11D3-BF4B-00C04F79EFBC}") = "MyShop.WebUI.Tests", "MyShop.WebUI.Tests\MyShop.WebUI.Tests.csproj", "{CD3D32BA-651C-4D1E-B245-DDBAFFDBBE28}"
EndProject
Global
	GlobalSection(SolutionConfigurationPlatforms) = preSolution
		Debug|Any CPU = Debug|Any CPU
		Release|Any CPU = Release|Any CPU
	EndGlobalSection
	GlobalSection(ProjectConfigurationPlatforms) = postSolution
		{C97A6125-83DE-4D1E-A326-E84721F84416}.Debug|Any CPU.ActiveCfg = Debug|Any CPU
		{C97A6125-83DE-4D1E-A326-E84721F84416}.Debug|Any CPU.Build.0 = Debug|Any CPU
		{C97A6125-83DE-4D1E-A326-E84721F84416}.Release|Any CPU.ActiveCfg = Release|Any CPU
		{C97A6125-83DE-4D1E-A326-E84721F84416}.Release|Any CPU.Build.0 = Release|Any CPU
		{D6536EBA-2EB2-4BBF-8E15-E0BE4FAD34DA}.Debug|Any CPU.ActiveCfg = Debug|Any CPU
		{D6536EBA-2EB2-4BBF-8E15-E0BE4FAD34DA}.Debug|Any CPU.Build.0 = Debug|Any CPU
		{D6536EBA-2EB2-4BBF-8E15-E0BE4FAD34DA}.Release|Any CPU.ActiveCfg = Release|Any CPU
		{D6536EBA-2EB2-4BBF-8E15-E0BE4FAD34DA}.Release|Any CPU.Build.0 = Release|Any CPU
		{AE74FE2B-C332-4793-8E0A-45F42F1BB4E2}.Debug|Any CPU.ActiveCfg = Debug|Any CPU
		{AE74FE2B-C332-4793-8E0A-45F42F1BB4E2}.Debug|Any CPU.Build.0 = Debug|Any CPU
		{AE74FE2B-C332-4793-8E0A-45F42F1BB4E2}.Release|Any CPU.ActiveCfg = Release|Any CPU
		{AE74FE2B-C332-4793-8E0A-45F42F1BB4E2}.Release|Any CPU.Build.0 = Release|Any CPU
		{E37FBFFE-D990-431E-9F94-5EE04E9BB953}.Debug|Any CPU.ActiveCfg = Debug|Any CPU
		{E37FBFFE-D990-431E-9F94-5EE04E9BB953}.Debug|Any CPU.Build.0 = Debug|Any CPU
		{E37FBFFE-D990-431E-9F94-5EE04E9BB953}.Release|Any CPU.ActiveCfg = Release|Any CPU
		{E37FBFFE-D990-431E-9F94-5EE04E9BB953}.Release|Any CPU.Build.0 = Release|Any CPU
		{4938A5D4-6915-430A-A843-1263028FB051}.Debug|Any CPU.ActiveCfg = Debug|Any CPU
		{4938A5D4-6915-430A-A843-1263028FB051}.Debug|Any CPU.Build.0 = Debug|Any CPU
		{4938A5D4-6915-430A-A843-1263028FB051}.Release|Any CPU.ActiveCfg = Release|Any CPU
		{4938A5D4-6915-430A-A843-1263028FB051}.Release|Any CPU.Build.0 = Release|Any CPU
		{CD3D32BA-651C-4D1E-B245-DDBAFFDBBE28}.Debug|Any CPU.ActiveCfg = Debug|Any CPU
		{CD3D32BA-651C-4D1E-B245-DDBAFFDBBE28}.Debug|Any CPU.Build.0 = Debug|Any CPU
		{CD3D32BA-651C-4D1E-B245-DDBAFFDBBE28}.Release|Any CPU.ActiveCfg = Release|Any CPU
		{CD3D32BA-651C-4D1E-B245-DDBAFFDBBE28}.Release|Any CPU.Build.0 = Release|Any CPU
	EndGlobalSection
	GlobalSection(SolutionProperties) = preSolution
		HideSolutionNode = FALSE
	EndGlobalSection
	GlobalSection(ExtensibilityGlobals) = postSolution
		SolutionGuid = {81DF13BE-424B-43B4-B1B7-1EBA148F7165}
	EndGlobalSection
EndGlobal
